// !$*UTF8*$!
{
	archiveVersion = 1;
	classes = {
	};
	objectVersion = 46;
	objects = {

/* Begin PBXBuildFile section */
		DC20D8031A1A65EC0073344E /* SSAPullToRefresh.png in Resources */ = {isa = PBXBuildFile; fileRef = DC20D8021A1A65EC0073344E /* SSAPullToRefresh.png */; };
		DC52D32B1A1BDA1500E8095D /* Ressources.bundle in Resources */ = {isa = PBXBuildFile; fileRef = DC52D3241A1BDA1500E8095D /* Ressources.bundle */; };
		DC52D32C1A1BDA1500E8095D /* SSACircleView.m in Sources */ = {isa = PBXBuildFile; fileRef = DC52D3261A1BDA1500E8095D /* SSACircleView.m */; };
		DC52D32D1A1BDA1500E8095D /* SSAPullToRefreshAnimator.m in Sources */ = {isa = PBXBuildFile; fileRef = DC52D3281A1BDA1500E8095D /* SSAPullToRefreshAnimator.m */; };
		DC52D32E1A1BDA1500E8095D /* SSARefreshControl.m in Sources */ = {isa = PBXBuildFile; fileRef = DC52D32A1A1BDA1500E8095D /* SSARefreshControl.m */; };
		DCC62F251A193AC80088A81D /* main.m in Sources */ = {isa = PBXBuildFile; fileRef = DCC62F241A193AC80088A81D /* main.m */; };
		DCC62F281A193AC80088A81D /* AppDelegate.m in Sources */ = {isa = PBXBuildFile; fileRef = DCC62F271A193AC80088A81D /* AppDelegate.m */; };
		DCC62F2B1A193AC80088A81D /* ViewController.m in Sources */ = {isa = PBXBuildFile; fileRef = DCC62F2A1A193AC80088A81D /* ViewController.m */; };
		DCC62F301A193AC80088A81D /* Images.xcassets in Resources */ = {isa = PBXBuildFile; fileRef = DCC62F2F1A193AC80088A81D /* Images.xcassets */; };
		DCC62F3F1A193AC80088A81D /* PULLTOREFRESHTests.m in Sources */ = {isa = PBXBuildFile; fileRef = DCC62F3E1A193AC80088A81D /* PULLTOREFRESHTests.m */; };
		DCC62F5C1A193F850088A81D /* QuartzCore.framework in Frameworks */ = {isa = PBXBuildFile; fileRef = DCC62F5B1A193F850088A81D /* QuartzCore.framework */; };
/* End PBXBuildFile section */

/* Begin PBXContainerItemProxy section */
		DCC62F391A193AC80088A81D /* PBXContainerItemProxy */ = {
			isa = PBXContainerItemProxy;
			containerPortal = DCC62F171A193AC80088A81D /* Project object */;
			proxyType = 1;
			remoteGlobalIDString = DCC62F1E1A193AC80088A81D;
			remoteInfo = PULLTOREFRESH;
		};
/* End PBXContainerItemProxy section */

/* Begin PBXFileReference section */
		DC20D8021A1A65EC0073344E /* SSAPullToRefresh.png */ = {isa = PBXFileReference; lastKnownFileType = image.png; path = SSAPullToRefresh.png; sourceTree = "<group>"; };
		DC52D3241A1BDA1500E8095D /* Ressources.bundle */ = {isa = PBXFileReference; lastKnownFileType = "wrapper.plug-in"; name = Ressources.bundle; path = SSAPullToRefresh/Ressources.bundle; sourceTree = "<group>"; };
		DC52D3251A1BDA1500E8095D /* SSACircleView.h */ = {isa = PBXFileReference; fileEncoding = 4; lastKnownFileType = sourcecode.c.h; name = SSACircleView.h; path = SSAPullToRefresh/SSACircleView.h; sourceTree = "<group>"; };
		DC52D3261A1BDA1500E8095D /* SSACircleView.m */ = {isa = PBXFileReference; fileEncoding = 4; lastKnownFileType = sourcecode.c.objc; name = SSACircleView.m; path = SSAPullToRefresh/SSACircleView.m; sourceTree = "<group>"; };
		DC52D3271A1BDA1500E8095D /* SSAPullToRefreshAnimator.h */ = {isa = PBXFileReference; fileEncoding = 4; lastKnownFileType = sourcecode.c.h; name = SSAPullToRefreshAnimator.h; path = SSAPullToRefresh/SSAPullToRefreshAnimator.h; sourceTree = "<group>"; };
		DC52D3281A1BDA1500E8095D /* SSAPullToRefreshAnimator.m */ = {isa = PBXFileReference; fileEncoding = 4; lastKnownFileType = sourcecode.c.objc; name = SSAPullToRefreshAnimator.m; path = SSAPullToRefresh/SSAPullToRefreshAnimator.m; sourceTree = "<group>"; };
		DC52D3291A1BDA1500E8095D /* SSARefreshControl.h */ = {isa = PBXFileReference; fileEncoding = 4; lastKnownFileType = sourcecode.c.h; name = SSARefreshControl.h; path = SSAPullToRefresh/SSARefreshControl.h; sourceTree = "<group>"; };
		DC52D32A1A1BDA1500E8095D /* SSARefreshControl.m */ = {isa = PBXFileReference; fileEncoding = 4; lastKnownFileType = sourcecode.c.objc; name = SSARefreshControl.m; path = SSAPullToRefresh/SSARefreshControl.m; sourceTree = "<group>"; };
		DCC62F1F1A193AC80088A81D /* PULLTOREFRESH.app */ = {isa = PBXFileReference; explicitFileType = wrapper.application; includeInIndex = 0; path = PULLTOREFRESH.app; sourceTree = BUILT_PRODUCTS_DIR; };
		DCC62F231A193AC80088A81D /* Info.plist */ = {isa = PBXFileReference; lastKnownFileType = text.plist.xml; path = Info.plist; sourceTree = "<group>"; };
		DCC62F241A193AC80088A81D /* main.m */ = {isa = PBXFileReference; lastKnownFileType = sourcecode.c.objc; path = main.m; sourceTree = "<group>"; };
		DCC62F261A193AC80088A81D /* AppDelegate.h */ = {isa = PBXFileReference; lastKnownFileType = sourcecode.c.h; path = AppDelegate.h; sourceTree = "<group>"; };
		DCC62F271A193AC80088A81D /* AppDelegate.m */ = {isa = PBXFileReference; lastKnownFileType = sourcecode.c.objc; path = AppDelegate.m; sourceTree = "<group>"; };
		DCC62F291A193AC80088A81D /* ViewController.h */ = {isa = PBXFileReference; lastKnownFileType = sourcecode.c.h; path = ViewController.h; sourceTree = "<group>"; };
		DCC62F2A1A193AC80088A81D /* ViewController.m */ = {isa = PBXFileReference; lastKnownFileType = sourcecode.c.objc; path = ViewController.m; sourceTree = "<group>"; };
		DCC62F2F1A193AC80088A81D /* Images.xcassets */ = {isa = PBXFileReference; lastKnownFileType = folder.assetcatalog; path = Images.xcassets; sourceTree = "<group>"; };
		DCC62F381A193AC80088A81D /* PULLTOREFRESHTests.xctest */ = {isa = PBXFileReference; explicitFileType = wrapper.cfbundle; includeInIndex = 0; path = PULLTOREFRESHTests.xctest; sourceTree = BUILT_PRODUCTS_DIR; };
		DCC62F3D1A193AC80088A81D /* Info.plist */ = {isa = PBXFileReference; lastKnownFileType = text.plist.xml; path = Info.plist; sourceTree = "<group>"; };
		DCC62F3E1A193AC80088A81D /* PULLTOREFRESHTests.m */ = {isa = PBXFileReference; lastKnownFileType = sourcecode.c.objc; path = PULLTOREFRESHTests.m; sourceTree = "<group>"; };
		DCC62F5B1A193F850088A81D /* QuartzCore.framework */ = {isa = PBXFileReference; lastKnownFileType = wrapper.framework; name = QuartzCore.framework; path = System/Library/Frameworks/QuartzCore.framework; sourceTree = SDKROOT; };
/* End PBXFileReference section */

/* Begin PBXFrameworksBuildPhase section */
		DCC62F1C1A193AC80088A81D /* Frameworks */ = {
			isa = PBXFrameworksBuildPhase;
			buildActionMask = 2147483647;
			files = (
				DCC62F5C1A193F850088A81D /* QuartzCore.framework in Frameworks */,
			);
			runOnlyForDeploymentPostprocessing = 0;
		};
		DCC62F351A193AC80088A81D /* Frameworks */ = {
			isa = PBXFrameworksBuildPhase;
			buildActionMask = 2147483647;
			files = (
			);
			runOnlyForDeploymentPostprocessing = 0;
		};
/* End PBXFrameworksBuildPhase section */

/* Begin PBXGroup section */
		DCC62F161A193AC80088A81D = {
			isa = PBXGroup;
			children = (
				DCC62F211A193AC80088A81D /* PULLTOREFRESH */,
				DCC62F3B1A193AC80088A81D /* PULLTOREFRESHTests */,
				DCC62F201A193AC80088A81D /* Products */,
			);
			sourceTree = "<group>";
		};
		DCC62F201A193AC80088A81D /* Products */ = {
			isa = PBXGroup;
			children = (
				DCC62F1F1A193AC80088A81D /* PULLTOREFRESH.app */,
				DCC62F381A193AC80088A81D /* PULLTOREFRESHTests.xctest */,
			);
			name = Products;
			sourceTree = "<group>";
		};
		DCC62F211A193AC80088A81D /* PULLTOREFRESH */ = {
			isa = PBXGroup;
			children = (
				DC20D8021A1A65EC0073344E /* SSAPullToRefresh.png */,
				DCC62F571A193B810088A81D /* SSAPullToRefresh */,
				DCC62F261A193AC80088A81D /* AppDelegate.h */,
				DCC62F271A193AC80088A81D /* AppDelegate.m */,
				DCC62F291A193AC80088A81D /* ViewController.h */,
				DCC62F2A1A193AC80088A81D /* ViewController.m */,
				DCC62F2F1A193AC80088A81D /* Images.xcassets */,
				DCC62F221A193AC80088A81D /* Supporting Files */,
			);
			path = PULLTOREFRESH;
			sourceTree = "<group>";
		};
		DCC62F221A193AC80088A81D /* Supporting Files */ = {
			isa = PBXGroup;
			children = (
				DCC62F5B1A193F850088A81D /* QuartzCore.framework */,
				DCC62F231A193AC80088A81D /* Info.plist */,
				DCC62F241A193AC80088A81D /* main.m */,
			);
			name = "Supporting Files";
			sourceTree = "<group>";
		};
		DCC62F3B1A193AC80088A81D /* PULLTOREFRESHTests */ = {
			isa = PBXGroup;
			children = (
				DCC62F3E1A193AC80088A81D /* PULLTOREFRESHTests.m */,
				DCC62F3C1A193AC80088A81D /* Supporting Files */,
			);
			path = PULLTOREFRESHTests;
			sourceTree = "<group>";
		};
		DCC62F3C1A193AC80088A81D /* Supporting Files */ = {
			isa = PBXGroup;
			children = (
				DCC62F3D1A193AC80088A81D /* Info.plist */,
			);
			name = "Supporting Files";
			sourceTree = "<group>";
		};
		DCC62F571A193B810088A81D /* SSAPullToRefresh */ = {
			isa = PBXGroup;
			children = (
				DC52D3241A1BDA1500E8095D /* Ressources.bundle */,
				DC52D3251A1BDA1500E8095D /* SSACircleView.h */,
				DC52D3261A1BDA1500E8095D /* SSACircleView.m */,
				DC52D3271A1BDA1500E8095D /* SSAPullToRefreshAnimator.h */,
				DC52D3281A1BDA1500E8095D /* SSAPullToRefreshAnimator.m */,
				DC52D3291A1BDA1500E8095D /* SSARefreshControl.h */,
				DC52D32A1A1BDA1500E8095D /* SSARefreshControl.m */,
			);
			name = SSAPullToRefresh;
			sourceTree = "<group>";
		};
/* End PBXGroup section */

/* Begin PBXNativeTarget section */
		DCC62F1E1A193AC80088A81D /* PULLTOREFRESH */ = {
			isa = PBXNativeTarget;
			buildConfigurationList = DCC62F421A193AC80088A81D /* Build configuration list for PBXNativeTarget "PULLTOREFRESH" */;
			buildPhases = (
				DCC62F1B1A193AC80088A81D /* Sources */,
				DCC62F1C1A193AC80088A81D /* Frameworks */,
				DCC62F1D1A193AC80088A81D /* Resources */,
			);
			buildRules = (
			);
			dependencies = (
			);
			name = PULLTOREFRESH;
			productName = PULLTOREFRESH;
			productReference = DCC62F1F1A193AC80088A81D /* PULLTOREFRESH.app */;
			productType = "com.apple.product-type.application";
		};
		DCC62F371A193AC80088A81D /* PULLTOREFRESHTests */ = {
			isa = PBXNativeTarget;
			buildConfigurationList = DCC62F451A193AC80088A81D /* Build configuration list for PBXNativeTarget "PULLTOREFRESHTests" */;
			buildPhases = (
				DCC62F341A193AC80088A81D /* Sources */,
				DCC62F351A193AC80088A81D /* Frameworks */,
				DCC62F361A193AC80088A81D /* Resources */,
			);
			buildRules = (
			);
			dependencies = (
				DCC62F3A1A193AC80088A81D /* PBXTargetDependency */,
			);
			name = PULLTOREFRESHTests;
			productName = PULLTOREFRESHTests;
			productReference = DCC62F381A193AC80088A81D /* PULLTOREFRESHTests.xctest */;
			productType = "com.apple.product-type.bundle.unit-test";
		};
/* End PBXNativeTarget section */

/* Begin PBXProject section */
		DCC62F171A193AC80088A81D /* Project object */ = {
			isa = PBXProject;
			attributes = {
				LastUpgradeCheck = 0610;
				ORGANIZATIONNAME = SebastianA;
				TargetAttributes = {
					DCC62F1E1A193AC80088A81D = {
						CreatedOnToolsVersion = 6.1;
					};
					DCC62F371A193AC80088A81D = {
						CreatedOnToolsVersion = 6.1;
						TestTargetID = DCC62F1E1A193AC80088A81D;
					};
				};
			};
			buildConfigurationList = DCC62F1A1A193AC80088A81D /* Build configuration list for PBXProject "PULLTOREFRESH" */;
			compatibilityVersion = "Xcode 3.2";
			developmentRegion = English;
			hasScannedForEncodings = 0;
			knownRegions = (
				en,
				Base,
			);
			mainGroup = DCC62F161A193AC80088A81D;
			productRefGroup = DCC62F201A193AC80088A81D /* Products */;
			projectDirPath = "";
			projectRoot = "";
			targets = (
				DCC62F1E1A193AC80088A81D /* PULLTOREFRESH */,
				DCC62F371A193AC80088A81D /* PULLTOREFRESHTests */,
			);
		};
/* End PBXProject section */

/* Begin PBXResourcesBuildPhase section */
		DCC62F1D1A193AC80088A81D /* Resources */ = {
			isa = PBXResourcesBuildPhase;
			buildActionMask = 2147483647;
			files = (
				DC20D8031A1A65EC0073344E /* SSAPullToRefresh.png in Resources */,
				DC52D32B1A1BDA1500E8095D /* Ressources.bundle in Resources */,
				DCC62F301A193AC80088A81D /* Images.xcassets in Resources */,
			);
			runOnlyForDeploymentPostprocessing = 0;
		};
		DCC62F361A193AC80088A81D /* Resources */ = {
			isa = PBXResourcesBuildPhase;
			buildActionMask = 2147483647;
			files = (
			);
			runOnlyForDeploymentPostprocessing = 0;
		};
/* End PBXResourcesBuildPhase section */

/* Begin PBXSourcesBuildPhase section */
		DCC62F1B1A193AC80088A81D /* Sources */ = {
			isa = PBXSourcesBuildPhase;
			buildActionMask = 2147483647;
			files = (
				DC52D32D1A1BDA1500E8095D /* SSAPullToRefreshAnimator.m in Sources */,
				DCC62F2B1A193AC80088A81D /* ViewController.m in Sources */,
				DCC62F281A193AC80088A81D /* AppDelegate.m in Sources */,
				DC52D32C1A1BDA1500E8095D /* SSACircleView.m in Sources */,
				DCC62F251A193AC80088A81D /* main.m in Sources */,
				DC52D32E1A1BDA1500E8095D /* SSARefreshControl.m in Sources */,
			);
			runOnlyForDeploymentPostprocessing = 0;
		};
		DCC62F341A193AC80088A81D /* Sources */ = {
			isa = PBXSourcesBuildPhase;
			buildActionMask = 2147483647;
			files = (
				DCC62F3F1A193AC80088A81D /* PULLTOREFRESHTests.m in Sources */,
			);
			runOnlyForDeploymentPostprocessing = 0;
		};
/* End PBXSourcesBuildPhase section */

/* Begin PBXTargetDependency section */
		DCC62F3A1A193AC80088A81D /* PBXTargetDependency */ = {
			isa = PBXTargetDependency;
			target = DCC62F1E1A193AC80088A81D /* PULLTOREFRESH */;
			targetProxy = DCC62F391A193AC80088A81D /* PBXContainerItemProxy */;
		};
/* End PBXTargetDependency section */

/* Begin XCBuildConfiguration section */
		DCC62F401A193AC80088A81D /* Debug */ = {
			isa = XCBuildConfiguration;
			buildSettings = {
				ALWAYS_SEARCH_USER_PATHS = NO;
				CLANG_CXX_LANGUAGE_STANDARD = "gnu++0x";
				CLANG_CXX_LIBRARY = "libc++";
				CLANG_ENABLE_MODULES = YES;
				CLANG_ENABLE_OBJC_ARC = YES;
				CLANG_WARN_BOOL_CONVERSION = YES;
				CLANG_WARN_CONSTANT_CONVERSION = YES;
				CLANG_WARN_DIRECT_OBJC_ISA_USAGE = YES_ERROR;
				CLANG_WARN_EMPTY_BODY = YES;
				CLANG_WARN_ENUM_CONVERSION = YES;
				CLANG_WARN_INT_CONVERSION = YES;
				CLANG_WARN_OBJC_ROOT_CLASS = YES_ERROR;
				CLANG_WARN_UNREACHABLE_CODE = YES;
				CLANG_WARN__DUPLICATE_METHOD_MATCH = YES;
				"CODE_SIGN_IDENTITY[sdk=iphoneos*]" = "iPhone Developer";
				COPY_PHASE_STRIP = NO;
				ENABLE_STRICT_OBJC_MSGSEND = YES;
				GCC_C_LANGUAGE_STANDARD = gnu99;
				GCC_DYNAMIC_NO_PIC = NO;
				GCC_OPTIMIZATION_LEVEL = 0;
				GCC_PREPROCESSOR_DEFINITIONS = (
					"DEBUG=1",
					"$(inherited)",
				);
				GCC_SYMBOLS_PRIVATE_EXTERN = NO;
				GCC_WARN_64_TO_32_BIT_CONVERSION = YES;
				GCC_WARN_ABOUT_RETURN_TYPE = YES_ERROR;
				GCC_WARN_UNDECLARED_SELECTOR = YES;
				GCC_WARN_UNINITIALIZED_AUTOS = YES_AGGRESSIVE;
				GCC_WARN_UNUSED_FUNCTION = YES;
				GCC_WARN_UNUSED_VARIABLE = YES;
				IPHONEOS_DEPLOYMENT_TARGET = 8.1;
				MTL_ENABLE_DEBUG_INFO = YES;
				ONLY_ACTIVE_ARCH = YES;
				SDKROOT = iphoneos;
			};
			name = Debug;
		};
		DCC62F411A193AC80088A81D /* Release */ = {
			isa = XCBuildConfiguration;
			buildSettings = {
				ALWAYS_SEARCH_USER_PATHS = NO;
				CLANG_CXX_LANGUAGE_STANDARD = "gnu++0x";
				CLANG_CXX_LIBRARY = "libc++";
				CLANG_ENABLE_MODULES = YES;
				CLANG_ENABLE_OBJC_ARC = YES;
				CLANG_WARN_BOOL_CONVERSION = YES;
				CLANG_WARN_CONSTANT_CONVERSION = YES;
				CLANG_WARN_DIRECT_OBJC_ISA_USAGE = YES_ERROR;
				CLANG_WARN_EMPTY_BODY = YES;
				CLANG_WARN_ENUM_CONVERSION = YES;
				CLANG_WARN_INT_CONVERSION = YES;
				CLANG_WARN_OBJC_ROOT_CLASS = YES_ERROR;
				CLANG_WARN_UNREACHABLE_CODE = YES;
				CLANG_WARN__DUPLICATE_METHOD_MATCH = YES;
				"CODE_SIGN_IDENTITY[sdk=iphoneos*]" = "iPhone Developer";
				COPY_PHASE_STRIP = YES;
				ENABLE_NS_ASSERTIONS = NO;
				ENABLE_STRICT_OBJC_MSGSEND = YES;
				GCC_C_LANGUAGE_STANDARD = gnu99;
				GCC_WARN_64_TO_32_BIT_CONVERSION = YES;
				GCC_WARN_ABOUT_RETURN_TYPE = YES_ERROR;
				GCC_WARN_UNDECLARED_SELECTOR = YES;
				GCC_WARN_UNINITIALIZED_AUTOS = YES_AGGRESSIVE;
				GCC_WARN_UNUSED_FUNCTION = YES;
				GCC_WARN_UNUSED_VARIABLE = YES;
				IPHONEOS_DEPLOYMENT_TARGET = 8.1;
				MTL_ENABLE_DEBUG_INFO = NO;
				SDKROOT = iphoneos;
				VALIDATE_PRODUCT = YES;
			};
			name = Release;
		};
		DCC62F431A193AC80088A81D /* Debug */ = {
			isa = XCBuildConfiguration;
			buildSettings = {
				ASSETCATALOG_COMPILER_APPICON_NAME = AppIcon;
				ASSETCATALOG_COMPILER_LAUNCHIMAGE_NAME = LaunchImage;
				INFOPLIST_FILE = PULLTOREFRESH/Info.plist;
				LD_RUNPATH_SEARCH_PATHS = "$(inherited) @executable_path/Frameworks";
				PRODUCT_NAME = "$(TARGET_NAME)";
			};
			name = Debug;
		};
		DCC62F441A193AC80088A81D /* Release */ = {
			isa = XCBuildConfiguration;
			buildSettings = {
				ASSETCATALOG_COMPILER_APPICON_NAME = AppIcon;
				ASSETCATALOG_COMPILER_LAUNCHIMAGE_NAME = LaunchImage;
				INFOPLIST_FILE = PULLTOREFRESH/Info.plist;
				LD_RUNPATH_SEARCH_PATHS = "$(inherited) @executable_path/Frameworks";
				PRODUCT_NAME = "$(TARGET_NAME)";
			};
			name = Release;
		};
		DCC62F461A193AC80088A81D /* Debug */ = {
			isa = XCBuildConfiguration;
			buildSettings = {
				BUNDLE_LOADER = "$(TEST_HOST)";
				FRAMEWORK_SEARCH_PATHS = (
					"$(SDKROOT)/Developer/Library/Frameworks",
					"$(inherited)",
				);
				GCC_PREPROCESSOR_DEFINITIONS = (
					"DEBUG=1",
					"$(inherited)",
				);
				INFOPLIST_FILE = PULLTOREFRESHTests/Info.plist;
				LD_RUNPATH_SEARCH_PATHS = "$(inherited) @executable_path/Frameworks @loader_path/Frameworks";
				PRODUCT_NAME = "$(TARGET_NAME)";
				TEST_HOST = "$(BUILT_PRODUCTS_DIR)/PULLTOREFRESH.app/PULLTOREFRESH";
			};
			name = Debug;
		};
		DCC62F471A193AC80088A81D /* Release */ = {
			isa = XCBuildConfiguration;
			buildSettings = {
				BUNDLE_LOADER = "$(TEST_HOST)";
				FRAMEWORK_SEARCH_PATHS = (
					"$(SDKROOT)/Developer/Library/Frameworks",
					"$(inherited)",
				);
				INFOPLIST_FILE = PULLTOREFRESHTests/Info.plist;
				LD_RUNPATH_SEARCH_PATHS = "$(inherited) @executable_path/Frameworks @loader_path/Frameworks";
				PRODUCT_NAME = "$(TARGET_NAME)";
				TEST_HOST = "$(BUILT_PRODUCTS_DIR)/PULLTOREFRESH.app/PULLTOREFRESH";
			};
			name = Release;
		};
/* End XCBuildConfiguration section */

/* Begin XCConfigurationList section */
		DCC62F1A1A193AC80088A81D /* Build configuration list for PBXProject "PULLTOREFRESH" */ = {
			isa = XCConfigurationList;
			buildConfigurations = (
				DCC62F401A193AC80088A81D /* Debug */,
				DCC62F411A193AC80088A81D /* Release */,
			);
			defaultConfigurationIsVisible = 0;
			defaultConfigurationName = Release;
		};
		DCC62F421A193AC80088A81D /* Build configuration list for PBXNativeTarget "PULLTOREFRESH" */ = {
			isa = XCConfigurationList;
			buildConfigurations = (
				DCC62F431A193AC80088A81D /* Debug */,
				DCC62F441A193AC80088A81D /* Release */,
			);
			defaultConfigurationIsVisible = 0;
			defaultConfigurationName = Release;
		};
		DCC62F451A193AC80088A81D /* Build configuration list for PBXNativeTarget "PULLTOREFRESHTests" */ = {
			isa = XCConfigurationList;
			buildConfigurations = (
				DCC62F461A193AC80088A81D /* Debug */,
				DCC62F471A193AC80088A81D /* Release */,
			);
			defaultConfigurationIsVisible = 0;
			defaultConfigurationName = Release;
		};
/* End XCConfigurationList section */
	};
	rootObject = DCC62F171A193AC80088A81D /* Project object */;
}
